
Microsoft Visual Studio Solution File, Format Version 12.00
# Visual Studio Version 17
VisualStudioVersion = 17.3.32804.467
MinimumVisualStudioVersion = 10.0.40219.1
Project("{9A19103F-16F7-4668-BE54-9A1E7A4F7556}") = "LoahDB", "LoahDB\LoahDB.csproj", "{55DB5B51-743E-4EA3-A4C7-BD5A812F3305}"
EndProject
Project("{FAE04EC0-301F-11D3-BF4B-00C04F79EFBC}") = "LoahDB.Tests", "LoahDB.Tests\LoahDB.Tests.csproj", "{399DD16E-2482-48EE-A814-9B3AE3DAEB90}"
EndProject
Global
	GlobalSection(SolutionConfigurationPlatforms) = preSolution
		Debug|Any CPU = Debug|Any CPU
		Debug|ARM = Debug|ARM
		Debug|ARM64 = Debug|ARM64
		Debug|x64 = Debug|x64
		Debug|x86 = Debug|x86
		Release|Any CPU = Release|Any CPU
		Release|ARM = Release|ARM
		Release|ARM64 = Release|ARM64
		Release|x64 = Release|x64
		Release|x86 = Release|x86
	EndGlobalSection
	GlobalSection(ProjectConfigurationPlatforms) = postSolution
		{55DB5B51-743E-4EA3-A4C7-BD5A812F3305}.Debug|Any CPU.ActiveCfg = Debug|Any CPU
		{55DB5B51-743E-4EA3-A4C7-BD5A812F3305}.Debug|Any CPU.Build.0 = Debug|Any CPU
		{55DB5B51-743E-4EA3-A4C7-BD5A812F3305}.Debug|ARM.ActiveCfg = Debug|Any CPU
		{55DB5B51-743E-4EA3-A4C7-BD5A812F3305}.Debug|ARM.Build.0 = Debug|Any CPU
		{55DB5B51-743E-4EA3-A4C7-BD5A812F3305}.Debug|ARM64.ActiveCfg = Debug|Any CPU
		{55DB5B51-743E-4EA3-A4C7-BD5A812F3305}.Debug|ARM64.Build.0 = Debug|Any CPU
		{55DB5B51-743E-4EA3-A4C7-BD5A812F3305}.Debug|x64.ActiveCfg = Debug|Any CPU
		{55DB5B51-743E-4EA3-A4C7-BD5A812F3305}.Debug|x64.Build.0 = Debug|Any CPU
		{55DB5B51-743E-4EA3-A4C7-BD5A812F3305}.Debug|x86.ActiveCfg = Debug|Any CPU
		{55DB5B51-743E-4EA3-A4C7-BD5A812F3305}.Debug|x86.Build.0 = Debug|Any CPU
		{55DB5B51-743E-4EA3-A4C7-BD5A812F3305}.Release|Any CPU.ActiveCfg = Release|Any CPU
		{55DB5B51-743E-4EA3-A4C7-BD5A812F3305}.Release|Any CPU.Build.0 = Release|Any CPU
		{55DB5B51-743E-4EA3-A4C7-BD5A812F3305}.Release|ARM.ActiveCfg = Release|Any CPU
		{55DB5B51-743E-4EA3-A4C7-BD5A812F3305}.Release|ARM.Build.0 = Release|Any CPU
		{55DB5B51-743E-4EA3-A4C7-BD5A812F3305}.Release|ARM64.ActiveCfg = Release|Any CPU
		{55DB5B51-743E-4EA3-A4C7-BD5A812F3305}.Release|ARM64.Build.0 = Release|Any CPU
		{55DB5B51-743E-4EA3-A4C7-BD5A812F3305}.Release|x64.ActiveCfg = Release|Any CPU
		{55DB5B51-743E-4EA3-A4C7-BD5A812F3305}.Release|x64.Build.0 = Release|Any CPU
		{55DB5B51-743E-4EA3-A4C7-BD5A812F3305}.Release|x86.ActiveCfg = Release|Any CPU
		{55DB5B51-743E-4EA3-A4C7-BD5A812F3305}.Release|x86.Build.0 = Release|Any CPU
		{399DD16E-2482-48EE-A814-9B3AE3DAEB90}.Debug|Any CPU.ActiveCfg = Debug|Any CPU
		{399DD16E-2482-48EE-A814-9B3AE3DAEB90}.Debug|Any CPU.Build.0 = Debug|Any CPU
		{399DD16E-2482-48EE-A814-9B3AE3DAEB90}.Debug|ARM.ActiveCfg = Debug|Any CPU
		{399DD16E-2482-48EE-A814-9B3AE3DAEB90}.Debug|ARM.Build.0 = Debug|Any CPU
		{399DD16E-2482-48EE-A814-9B3AE3DAEB90}.Debug|ARM64.ActiveCfg = Debug|Any CPU
		{399DD16E-2482-48EE-A814-9B3AE3DAEB90}.Debug|ARM64.Build.0 = Debug|Any CPU
		{399DD16E-2482-48EE-A814-9B3AE3DAEB90}.Debug|x64.ActiveCfg = Debug|Any CPU
		{399DD16E-2482-48EE-A814-9B3AE3DAEB90}.Debug|x64.Build.0 = Debug|Any CPU
		{399DD16E-2482-48EE-A814-9B3AE3DAEB90}.Debug|x86.ActiveCfg = Debug|Any CPU
		{399DD16E-2482-48EE-A814-9B3AE3DAEB90}.Debug|x86.Build.0 = Debug|Any CPU
		{399DD16E-2482-48EE-A814-9B3AE3DAEB90}.Release|Any CPU.ActiveCfg = Release|Any CPU
		{399DD16E-2482-48EE-A814-9B3AE3DAEB90}.Release|Any CPU.Build.0 = Release|Any CPU
		{399DD16E-2482-48EE-A814-9B3AE3DAEB90}.Release|ARM.ActiveCfg = Release|Any CPU
		{399DD16E-2482-48EE-A814-9B3AE3DAEB90}.Release|ARM.Build.0 = Release|Any CPU
		{399DD16E-2482-48EE-A814-9B3AE3DAEB90}.Release|ARM64.ActiveCfg = Release|Any CPU
		{399DD16E-2482-48EE-A814-9B3AE3DAEB90}.Release|ARM64.Build.0 = Release|Any CPU
		{399DD16E-2482-48EE-A814-9B3AE3DAEB90}.Release|x64.ActiveCfg = Release|Any CPU
		{399DD16E-2482-48EE-A814-9B3AE3DAEB90}.Release|x64.Build.0 = Release|Any CPU
		{399DD16E-2482-48EE-A814-9B3AE3DAEB90}.Release|x86.ActiveCfg = Release|Any CPU
		{399DD16E-2482-48EE-A814-9B3AE3DAEB90}.Release|x86.Build.0 = Release|Any CPU
	EndGlobalSection
	GlobalSection(SolutionProperties) = preSolution
		HideSolutionNode = FALSE
	EndGlobalSection
	GlobalSection(ExtensibilityGlobals) = postSolution
		SolutionGuid = {1A97D214-0C16-40A1-84FA-36B20742D012}
	EndGlobalSection
EndGlobal
